
Microsoft Visual Studio Solution File, Format Version 12.00
# Visual Studio 2013
VisualStudioVersion = 12.0.21005.1
MinimumVisualStudioVersion = 10.0.40219.1
Project("{FAE04EC0-301F-11D3-BF4B-00C04F79EFBC}") = "Body Displayer", "Body Displayer\Body Displayer.csproj", "{25057541-5512-43BC-90C4-0B2782DC8EF0}"
EndProject
Global
	GlobalSection(SolutionConfigurationPlatforms) = preSolution
		Debug|Any CPU = Debug|Any CPU
		Release|Any CPU = Release|Any CPU
	EndGlobalSection
	GlobalSection(ProjectConfigurationPlatforms) = postSolution
		{25057541-5512-43BC-90C4-0B2782DC8EF0}.Debug|Any CPU.ActiveCfg = Debug|Any CPU
		{25057541-5512-43BC-90C4-0B2782DC8EF0}.Debug|Any CPU.Build.0 = Debug|Any CPU
		{25057541-5512-43BC-90C4-0B2782DC8EF0}.Release|Any CPU.ActiveCfg = Release|Any CPU
		{25057541-5512-43BC-90C4-0B2782DC8EF0}.Release|Any CPU.Build.0 = Release|Any CPU
	EndGlobalSection
	GlobalSection(SolutionProperties) = preSolution
		HideSolutionNode = FALSE
	EndGlobalSection
EndGlobal
